
Microsoft Visual Studio Solution File, Format Version 12.00
# Visual Studio 14
VisualStudioVersion = 14.0.23107.0
MinimumVisualStudioVersion = 10.0.40219.1
Project("{FAE04EC0-301F-11D3-BF4B-00C04F79EFBC}") = "Power of a number", "Power of a number\Power of a number.csproj", "{5C89C0F1-A8A8-4649-817F-7FEE86F833F7}"
EndProject
Global
	GlobalSection(SolutionConfigurationPlatforms) = preSolution
		Debug|Any CPU = Debug|Any CPU
		Release|Any CPU = Release|Any CPU
	EndGlobalSection
	GlobalSection(ProjectConfigurationPlatforms) = postSolution
		{5C89C0F1-A8A8-4649-817F-7FEE86F833F7}.Debug|Any CPU.ActiveCfg = Debug|Any CPU
		{5C89C0F1-A8A8-4649-817F-7FEE86F833F7}.Debug|Any CPU.Build.0 = Debug|Any CPU
		{5C89C0F1-A8A8-4649-817F-7FEE86F833F7}.Release|Any CPU.ActiveCfg = Release|Any CPU
		{5C89C0F1-A8A8-4649-817F-7FEE86F833F7}.Release|Any CPU.Build.0 = Release|Any CPU
	EndGlobalSection
	GlobalSection(SolutionProperties) = preSolution
		HideSolutionNode = FALSE
	EndGlobalSection
EndGlobal
