
Microsoft Visual Studio Solution File, Format Version 12.00
# Visual Studio 14
VisualStudioVersion = 14.0.23107.0
MinimumVisualStudioVersion = 10.0.40219.1
Project("{FAE04EC0-301F-11D3-BF4B-00C04F79EFBC}") = "Prime or Not", "Prime or Not\Prime or Not.csproj", "{E0748061-DECA-4210-8164-EF4C9A7E3CB8}"
EndProject
Global
	GlobalSection(SolutionConfigurationPlatforms) = preSolution
		Debug|Any CPU = Debug|Any CPU
		Release|Any CPU = Release|Any CPU
	EndGlobalSection
	GlobalSection(ProjectConfigurationPlatforms) = postSolution
		{E0748061-DECA-4210-8164-EF4C9A7E3CB8}.Debug|Any CPU.ActiveCfg = Debug|Any CPU
		{E0748061-DECA-4210-8164-EF4C9A7E3CB8}.Debug|Any CPU.Build.0 = Debug|Any CPU
		{E0748061-DECA-4210-8164-EF4C9A7E3CB8}.Release|Any CPU.ActiveCfg = Release|Any CPU
		{E0748061-DECA-4210-8164-EF4C9A7E3CB8}.Release|Any CPU.Build.0 = Release|Any CPU
	EndGlobalSection
	GlobalSection(SolutionProperties) = preSolution
		HideSolutionNode = FALSE
	EndGlobalSection
EndGlobal
